// !$*UTF8*$!
{
	archiveVersion = 1;
	classes = {
	};
	objectVersion = 48;
	objects = {

/* Begin PBXBuildFile section */
		58ACE83A1FE0ED90006466C3 /* AppDelegate.swift in Sources */ = {isa = PBXBuildFile; fileRef = 58ACE8391FE0ED90006466C3 /* AppDelegate.swift */; };
		58ACE83C1FE0ED90006466C3 /* ViewController.swift in Sources */ = {isa = PBXBuildFile; fileRef = 58ACE83B1FE0ED90006466C3 /* ViewController.swift */; };
		58ACE83F1FE0ED90006466C3 /* Main.storyboard in Resources */ = {isa = PBXBuildFile; fileRef = 58ACE83D1FE0ED90006466C3 /* Main.storyboard */; };
		58ACE8421FE0ED90006466C3 /* Pangea_House.xcdatamodeld in Sources */ = {isa = PBXBuildFile; fileRef = 58ACE8401FE0ED90006466C3 /* Pangea_House.xcdatamodeld */; };
		58ACE8441FE0ED90006466C3 /* Assets.xcassets in Resources */ = {isa = PBXBuildFile; fileRef = 58ACE8431FE0ED90006466C3 /* Assets.xcassets */; };
		58ACE8471FE0ED90006466C3 /* LaunchScreen.storyboard in Resources */ = {isa = PBXBuildFile; fileRef = 58ACE8451FE0ED90006466C3 /* LaunchScreen.storyboard */; };
		58ACE8521FE0ED90006466C3 /* Pangea_HouseTests.swift in Sources */ = {isa = PBXBuildFile; fileRef = 58ACE8511FE0ED90006466C3 /* Pangea_HouseTests.swift */; };
		58ACE85D1FE0ED90006466C3 /* Pangea_HouseUITests.swift in Sources */ = {isa = PBXBuildFile; fileRef = 58ACE85C1FE0ED90006466C3 /* Pangea_HouseUITests.swift */; };
/* End PBXBuildFile section */

/* Begin PBXContainerItemProxy section */
		58ACE84E1FE0ED90006466C3 /* PBXContainerItemProxy */ = {
			isa = PBXContainerItemProxy;
			containerPortal = 58ACE82E1FE0ED90006466C3 /* Project object */;
			proxyType = 1;
			remoteGlobalIDString = 58ACE8351FE0ED90006466C3;
			remoteInfo = "Pangea-House";
		};
		58ACE8591FE0ED90006466C3 /* PBXContainerItemProxy */ = {
			isa = PBXContainerItemProxy;
			containerPortal = 58ACE82E1FE0ED90006466C3 /* Project object */;
			proxyType = 1;
			remoteGlobalIDString = 58ACE8351FE0ED90006466C3;
			remoteInfo = "Pangea-House";
		};
/* End PBXContainerItemProxy section */

/* Begin PBXFileReference section */
		58ACE8361FE0ED90006466C3 /* Pangea-House.app */ = {isa = PBXFileReference; explicitFileType = wrapper.application; includeInIndex = 0; path = "Pangea-House.app"; sourceTree = BUILT_PRODUCTS_DIR; };
		58ACE8391FE0ED90006466C3 /* AppDelegate.swift */ = {isa = PBXFileReference; lastKnownFileType = sourcecode.swift; path = AppDelegate.swift; sourceTree = "<group>"; };
		58ACE83B1FE0ED90006466C3 /* ViewController.swift */ = {isa = PBXFileReference; lastKnownFileType = sourcecode.swift; path = ViewController.swift; sourceTree = "<group>"; };
		58ACE83E1FE0ED90006466C3 /* Base */ = {isa = PBXFileReference; lastKnownFileType = file.storyboard; name = Base; path = Base.lproj/Main.storyboard; sourceTree = "<group>"; };
		58ACE8411FE0ED90006466C3 /* Pangea_House.xcdatamodel */ = {isa = PBXFileReference; lastKnownFileType = wrapper.xcdatamodel; path = Pangea_House.xcdatamodel; sourceTree = "<group>"; };
		58ACE8431FE0ED90006466C3 /* Assets.xcassets */ = {isa = PBXFileReference; lastKnownFileType = folder.assetcatalog; path = Assets.xcassets; sourceTree = "<group>"; };
		58ACE8461FE0ED90006466C3 /* Base */ = {isa = PBXFileReference; lastKnownFileType = file.storyboard; name = Base; path = Base.lproj/LaunchScreen.storyboard; sourceTree = "<group>"; };
		58ACE8481FE0ED90006466C3 /* Info.plist */ = {isa = PBXFileReference; lastKnownFileType = text.plist.xml; path = Info.plist; sourceTree = "<group>"; };
		58ACE84D1FE0ED90006466C3 /* Pangea-HouseTests.xctest */ = {isa = PBXFileReference; explicitFileType = wrapper.cfbundle; includeInIndex = 0; path = "Pangea-HouseTests.xctest"; sourceTree = BUILT_PRODUCTS_DIR; };
		58ACE8511FE0ED90006466C3 /* Pangea_HouseTests.swift */ = {isa = PBXFileReference; lastKnownFileType = sourcecode.swift; path = Pangea_HouseTests.swift; sourceTree = "<group>"; };
		58ACE8531FE0ED90006466C3 /* Info.plist */ = {isa = PBXFileReference; lastKnownFileType = text.plist.xml; path = Info.plist; sourceTree = "<group>"; };
		58ACE8581FE0ED90006466C3 /* Pangea-HouseUITests.xctest */ = {isa = PBXFileReference; explicitFileType = wrapper.cfbundle; includeInIndex = 0; path = "Pangea-HouseUITests.xctest"; sourceTree = BUILT_PRODUCTS_DIR; };
		58ACE85C1FE0ED90006466C3 /* Pangea_HouseUITests.swift */ = {isa = PBXFileReference; lastKnownFileType = sourcecode.swift; path = Pangea_HouseUITests.swift; sourceTree = "<group>"; };
		58ACE85E1FE0ED90006466C3 /* Info.plist */ = {isa = PBXFileReference; lastKnownFileType = text.plist.xml; path = Info.plist; sourceTree = "<group>"; };
/* End PBXFileReference section */

/* Begin PBXFrameworksBuildPhase section */
		58ACE8331FE0ED90006466C3 /* Frameworks */ = {
			isa = PBXFrameworksBuildPhase;
			buildActionMask = 2147483647;
			files = (
			);
			runOnlyForDeploymentPostprocessing = 0;
		};
		58ACE84A1FE0ED90006466C3 /* Frameworks */ = {
			isa = PBXFrameworksBuildPhase;
			buildActionMask = 2147483647;
			files = (
			);
			runOnlyForDeploymentPostprocessing = 0;
		};
		58ACE8551FE0ED90006466C3 /* Frameworks */ = {
			isa = PBXFrameworksBuildPhase;
			buildActionMask = 2147483647;
			files = (
			);
			runOnlyForDeploymentPostprocessing = 0;
		};
/* End PBXFrameworksBuildPhase section */

/* Begin PBXGroup section */
		58ACE82D1FE0ED90006466C3 = {
			isa = PBXGroup;
			children = (
				58ACE8381FE0ED90006466C3 /* Pangea-House */,
				58ACE8501FE0ED90006466C3 /* Pangea-HouseTests */,
				58ACE85B1FE0ED90006466C3 /* Pangea-HouseUITests */,
				58ACE8371FE0ED90006466C3 /* Products */,
			);
			sourceTree = "<group>";
		};
		58ACE8371FE0ED90006466C3 /* Products */ = {
			isa = PBXGroup;
			children = (
				58ACE8361FE0ED90006466C3 /* Pangea-House.app */,
				58ACE84D1FE0ED90006466C3 /* Pangea-HouseTests.xctest */,
				58ACE8581FE0ED90006466C3 /* Pangea-HouseUITests.xctest */,
			);
			name = Products;
			sourceTree = "<group>";
		};
		58ACE8381FE0ED90006466C3 /* Pangea-House */ = {
			isa = PBXGroup;
			children = (
				58ACE8391FE0ED90006466C3 /* AppDelegate.swift */,
				58ACE83B1FE0ED90006466C3 /* ViewController.swift */,
				58ACE83D1FE0ED90006466C3 /* Main.storyboard */,
				58ACE8431FE0ED90006466C3 /* Assets.xcassets */,
				58ACE8451FE0ED90006466C3 /* LaunchScreen.storyboard */,
				58ACE8481FE0ED90006466C3 /* Info.plist */,
				58ACE8401FE0ED90006466C3 /* Pangea_House.xcdatamodeld */,
			);
			path = "Pangea-House";
			sourceTree = "<group>";
		};
		58ACE8501FE0ED90006466C3 /* Pangea-HouseTests */ = {
			isa = PBXGroup;
			children = (
				58ACE8511FE0ED90006466C3 /* Pangea_HouseTests.swift */,
				58ACE8531FE0ED90006466C3 /* Info.plist */,
			);
			path = "Pangea-HouseTests";
			sourceTree = "<group>";
		};
		58ACE85B1FE0ED90006466C3 /* Pangea-HouseUITests */ = {
			isa = PBXGroup;
			children = (
				58ACE85C1FE0ED90006466C3 /* Pangea_HouseUITests.swift */,
				58ACE85E1FE0ED90006466C3 /* Info.plist */,
			);
			path = "Pangea-HouseUITests";
			sourceTree = "<group>";
		};
/* End PBXGroup section */

/* Begin PBXNativeTarget section */
		58ACE8351FE0ED90006466C3 /* Pangea-House */ = {
			isa = PBXNativeTarget;
			buildConfigurationList = 58ACE8611FE0ED90006466C3 /* Build configuration list for PBXNativeTarget "Pangea-House" */;
			buildPhases = (
				58ACE8321FE0ED90006466C3 /* Sources */,
				58ACE8331FE0ED90006466C3 /* Frameworks */,
				58ACE8341FE0ED90006466C3 /* Resources */,
			);
			buildRules = (
			);
			dependencies = (
			);
			name = "Pangea-House";
			productName = "Pangea-House";
			productReference = 58ACE8361FE0ED90006466C3 /* Pangea-House.app */;
			productType = "com.apple.product-type.application";
		};
		58ACE84C1FE0ED90006466C3 /* Pangea-HouseTests */ = {
			isa = PBXNativeTarget;
			buildConfigurationList = 58ACE8641FE0ED90006466C3 /* Build configuration list for PBXNativeTarget "Pangea-HouseTests" */;
			buildPhases = (
				58ACE8491FE0ED90006466C3 /* Sources */,
				58ACE84A1FE0ED90006466C3 /* Frameworks */,
				58ACE84B1FE0ED90006466C3 /* Resources */,
			);
			buildRules = (
			);
			dependencies = (
				58ACE84F1FE0ED90006466C3 /* PBXTargetDependency */,
			);
			name = "Pangea-HouseTests";
			productName = "Pangea-HouseTests";
			productReference = 58ACE84D1FE0ED90006466C3 /* Pangea-HouseTests.xctest */;
			productType = "com.apple.product-type.bundle.unit-test";
		};
		58ACE8571FE0ED90006466C3 /* Pangea-HouseUITests */ = {
			isa = PBXNativeTarget;
			buildConfigurationList = 58ACE8671FE0ED90006466C3 /* Build configuration list for PBXNativeTarget "Pangea-HouseUITests" */;
			buildPhases = (
				58ACE8541FE0ED90006466C3 /* Sources */,
				58ACE8551FE0ED90006466C3 /* Frameworks */,
				58ACE8561FE0ED90006466C3 /* Resources */,
			);
			buildRules = (
			);
			dependencies = (
				58ACE85A1FE0ED90006466C3 /* PBXTargetDependency */,
			);
			name = "Pangea-HouseUITests";
			productName = "Pangea-HouseUITests";
			productReference = 58ACE8581FE0ED90006466C3 /* Pangea-HouseUITests.xctest */;
			productType = "com.apple.product-type.bundle.ui-testing";
		};
/* End PBXNativeTarget section */

/* Begin PBXProject section */
		58ACE82E1FE0ED90006466C3 /* Project object */ = {
			isa = PBXProject;
			attributes = {
				LastSwiftUpdateCheck = 0910;
				LastUpgradeCheck = 0910;
				ORGANIZATIONNAME = "Break List";
				TargetAttributes = {
					58ACE8351FE0ED90006466C3 = {
						CreatedOnToolsVersion = 9.1;
						ProvisioningStyle = Automatic;
					};
					58ACE84C1FE0ED90006466C3 = {
						CreatedOnToolsVersion = 9.1;
						ProvisioningStyle = Automatic;
						TestTargetID = 58ACE8351FE0ED90006466C3;
					};
					58ACE8571FE0ED90006466C3 = {
						CreatedOnToolsVersion = 9.1;
						ProvisioningStyle = Automatic;
						TestTargetID = 58ACE8351FE0ED90006466C3;
					};
				};
			};
			buildConfigurationList = 58ACE8311FE0ED90006466C3 /* Build configuration list for PBXProject "Pangea-House" */;
			compatibilityVersion = "Xcode 8.0";
			developmentRegion = en;
			hasScannedForEncodings = 0;
			knownRegions = (
				en,
				Base,
			);
			mainGroup = 58ACE82D1FE0ED90006466C3;
			productRefGroup = 58ACE8371FE0ED90006466C3 /* Products */;
			projectDirPath = "";
			projectRoot = "";
			targets = (
				58ACE8351FE0ED90006466C3 /* Pangea-House */,
				58ACE84C1FE0ED90006466C3 /* Pangea-HouseTests */,
				58ACE8571FE0ED90006466C3 /* Pangea-HouseUITests */,
			);
		};
/* End PBXProject section */

/* Begin PBXResourcesBuildPhase section */
		58ACE8341FE0ED90006466C3 /* Resources */ = {
			isa = PBXResourcesBuildPhase;
			buildActionMask = 2147483647;
			files = (
				58ACE8471FE0ED90006466C3 /* LaunchScreen.storyboard in Resources */,
				58ACE8441FE0ED90006466C3 /* Assets.xcassets in Resources */,
				58ACE83F1FE0ED90006466C3 /* Main.storyboard in Resources */,
			);
			runOnlyForDeploymentPostprocessing = 0;
		};
		58ACE84B1FE0ED90006466C3 /* Resources */ = {
			isa = PBXResourcesBuildPhase;
			buildActionMask = 2147483647;
			files = (
			);
			runOnlyForDeploymentPostprocessing = 0;
		};
		58ACE8561FE0ED90006466C3 /* Resources */ = {
			isa = PBXResourcesBuildPhase;
			buildActionMask = 2147483647;
			files = (
			);
			runOnlyForDeploymentPostprocessing = 0;
		};
/* End PBXResourcesBuildPhase section */

/* Begin PBXSourcesBuildPhase section */
		58ACE8321FE0ED90006466C3 /* Sources */ = {
			isa = PBXSourcesBuildPhase;
			buildActionMask = 2147483647;
			files = (
				58ACE8421FE0ED90006466C3 /* Pangea_House.xcdatamodeld in Sources */,
				58ACE83C1FE0ED90006466C3 /* ViewController.swift in Sources */,
				58ACE83A1FE0ED90006466C3 /* AppDelegate.swift in Sources */,
			);
			runOnlyForDeploymentPostprocessing = 0;
		};
		58ACE8491FE0ED90006466C3 /* Sources */ = {
			isa = PBXSourcesBuildPhase;
			buildActionMask = 2147483647;
			files = (
				58ACE8521FE0ED90006466C3 /* Pangea_HouseTests.swift in Sources */,
			);
			runOnlyForDeploymentPostprocessing = 0;
		};
		58ACE8541FE0ED90006466C3 /* Sources */ = {
			isa = PBXSourcesBuildPhase;
			buildActionMask = 2147483647;
			files = (
				58ACE85D1FE0ED90006466C3 /* Pangea_HouseUITests.swift in Sources */,
			);
			runOnlyForDeploymentPostprocessing = 0;
		};
/* End PBXSourcesBuildPhase section */

/* Begin PBXTargetDependency section */
		58ACE84F1FE0ED90006466C3 /* PBXTargetDependency */ = {
			isa = PBXTargetDependency;
			target = 58ACE8351FE0ED90006466C3 /* Pangea-House */;
			targetProxy = 58ACE84E1FE0ED90006466C3 /* PBXContainerItemProxy */;
		};
		58ACE85A1FE0ED90006466C3 /* PBXTargetDependency */ = {
			isa = PBXTargetDependency;
			target = 58ACE8351FE0ED90006466C3 /* Pangea-House */;
			targetProxy = 58ACE8591FE0ED90006466C3 /* PBXContainerItemProxy */;
		};
/* End PBXTargetDependency section */

/* Begin PBXVariantGroup section */
		58ACE83D1FE0ED90006466C3 /* Main.storyboard */ = {
			isa = PBXVariantGroup;
			children = (
				58ACE83E1FE0ED90006466C3 /* Base */,
			);
			name = Main.storyboard;
			sourceTree = "<group>";
		};
		58ACE8451FE0ED90006466C3 /* LaunchScreen.storyboard */ = {
			isa = PBXVariantGroup;
			children = (
				58ACE8461FE0ED90006466C3 /* Base */,
			);
			name = LaunchScreen.storyboard;
			sourceTree = "<group>";
		};
/* End PBXVariantGroup section */

/* Begin XCBuildConfiguration section */
		58ACE85F1FE0ED90006466C3 /* Debug */ = {
			isa = XCBuildConfiguration;
			buildSettings = {
				ALWAYS_SEARCH_USER_PATHS = NO;
				CLANG_ANALYZER_NONNULL = YES;
				CLANG_ANALYZER_NUMBER_OBJECT_CONVERSION = YES_AGGRESSIVE;
				CLANG_CXX_LANGUAGE_STANDARD = "gnu++14";
				CLANG_CXX_LIBRARY = "libc++";
				CLANG_ENABLE_MODULES = YES;
				CLANG_ENABLE_OBJC_ARC = YES;
				CLANG_WARN_BLOCK_CAPTURE_AUTORELEASING = YES;
				CLANG_WARN_BOOL_CONVERSION = YES;
				CLANG_WARN_COMMA = YES;
				CLANG_WARN_CONSTANT_CONVERSION = YES;
				CLANG_WARN_DIRECT_OBJC_ISA_USAGE = YES_ERROR;
				CLANG_WARN_DOCUMENTATION_COMMENTS = YES;
				CLANG_WARN_EMPTY_BODY = YES;
				CLANG_WARN_ENUM_CONVERSION = YES;
				CLANG_WARN_INFINITE_RECURSION = YES;
				CLANG_WARN_INT_CONVERSION = YES;
				CLANG_WARN_NON_LITERAL_NULL_CONVERSION = YES;
				CLANG_WARN_OBJC_LITERAL_CONVERSION = YES;
				CLANG_WARN_OBJC_ROOT_CLASS = YES_ERROR;
				CLANG_WARN_RANGE_LOOP_ANALYSIS = YES;
				CLANG_WARN_STRICT_PROTOTYPES = YES;
				CLANG_WARN_SUSPICIOUS_MOVE = YES;
				CLANG_WARN_UNGUARDED_AVAILABILITY = YES_AGGRESSIVE;
				CLANG_WARN_UNREACHABLE_CODE = YES;
				CLANG_WARN__DUPLICATE_METHOD_MATCH = YES;
				CODE_SIGN_IDENTITY = "iPhone Developer";
				COPY_PHASE_STRIP = NO;
				DEBUG_INFORMATION_FORMAT = dwarf;
				ENABLE_STRICT_OBJC_MSGSEND = YES;
				ENABLE_TESTABILITY = YES;
				GCC_C_LANGUAGE_STANDARD = gnu11;
				GCC_DYNAMIC_NO_PIC = NO;
				GCC_NO_COMMON_BLOCKS = YES;
				GCC_OPTIMIZATION_LEVEL = 0;
				GCC_PREPROCESSOR_DEFINITIONS = (
					"DEBUG=1",
					"$(inherited)",
				);
				GCC_WARN_64_TO_32_BIT_CONVERSION = YES;
				GCC_WARN_ABOUT_RETURN_TYPE = YES_ERROR;
				GCC_WARN_UNDECLARED_SELECTOR = YES;
				GCC_WARN_UNINITIALIZED_AUTOS = YES_AGGRESSIVE;
				GCC_WARN_UNUSED_FUNCTION = YES;
				GCC_WARN_UNUSED_VARIABLE = YES;
				IPHONEOS_DEPLOYMENT_TARGET = 11.1;
				MTL_ENABLE_DEBUG_INFO = YES;
				ONLY_ACTIVE_ARCH = YES;
				SDKROOT = iphoneos;
				SWIFT_ACTIVE_COMPILATION_CONDITIONS = DEBUG;
				SWIFT_OPTIMIZATION_LEVEL = "-Onone";
			};
			name = Debug;
		};
		58ACE8601FE0ED90006466C3 /* Release */ = {
			isa = XCBuildConfiguration;
			buildSettings = {
				ALWAYS_SEARCH_USER_PATHS = NO;
				CLANG_ANALYZER_NONNULL = YES;
				CLANG_ANALYZER_NUMBER_OBJECT_CONVERSION = YES_AGGRESSIVE;
				CLANG_CXX_LANGUAGE_STANDARD = "gnu++14";
				CLANG_CXX_LIBRARY = "libc++";
				CLANG_ENABLE_MODULES = YES;
				CLANG_ENABLE_OBJC_ARC = YES;
				CLANG_WARN_BLOCK_CAPTURE_AUTORELEASING = YES;
				CLANG_WARN_BOOL_CONVERSION = YES;
				CLANG_WARN_COMMA = YES;
				CLANG_WARN_CONSTANT_CONVERSION = YES;
				CLANG_WARN_DIRECT_OBJC_ISA_USAGE = YES_ERROR;
				CLANG_WARN_DOCUMENTATION_COMMENTS = YES;
				CLANG_WARN_EMPTY_BODY = YES;
				CLANG_WARN_ENUM_CONVERSION = YES;
				CLANG_WARN_INFINITE_RECURSION = YES;
				CLANG_WARN_INT_CONVERSION = YES;
				CLANG_WARN_NON_LITERAL_NULL_CONVERSION = YES;
				CLANG_WARN_OBJC_LITERAL_CONVERSION = YES;
				CLANG_WARN_OBJC_ROOT_CLASS = YES_ERROR;
				CLANG_WARN_RANGE_LOOP_ANALYSIS = YES;
				CLANG_WARN_STRICT_PROTOTYPES = YES;
				CLANG_WARN_SUSPICIOUS_MOVE = YES;
				CLANG_WARN_UNGUARDED_AVAILABILITY = YES_AGGRESSIVE;
				CLANG_WARN_UNREACHABLE_CODE = YES;
				CLANG_WARN__DUPLICATE_METHOD_MATCH = YES;
				CODE_SIGN_IDENTITY = "iPhone Developer";
				COPY_PHASE_STRIP = NO;
				DEBUG_INFORMATION_FORMAT = "dwarf-with-dsym";
				ENABLE_NS_ASSERTIONS = NO;
				ENABLE_STRICT_OBJC_MSGSEND = YES;
				GCC_C_LANGUAGE_STANDARD = gnu11;
				GCC_NO_COMMON_BLOCKS = YES;
				GCC_WARN_64_TO_32_BIT_CONVERSION = YES;
				GCC_WARN_ABOUT_RETURN_TYPE = YES_ERROR;
				GCC_WARN_UNDECLARED_SELECTOR = YES;
				GCC_WARN_UNINITIALIZED_AUTOS = YES_AGGRESSIVE;
				GCC_WARN_UNUSED_FUNCTION = YES;
				GCC_WARN_UNUSED_VARIABLE = YES;
				IPHONEOS_DEPLOYMENT_TARGET = 11.1;
				MTL_ENABLE_DEBUG_INFO = NO;
				SDKROOT = iphoneos;
				SWIFT_OPTIMIZATION_LEVEL = "-Owholemodule";
				VALIDATE_PRODUCT = YES;
			};
			name = Release;
		};
		58ACE8621FE0ED90006466C3 /* Debug */ = {
			isa = XCBuildConfiguration;
			buildSettings = {
				ASSETCATALOG_COMPILER_APPICON_NAME = AppIcon;
				CODE_SIGN_STYLE = Automatic;
				DEVELOPMENT_TEAM = K32U974K8Q;
				INFOPLIST_FILE = "Pangea-House/Info.plist";
				LD_RUNPATH_SEARCH_PATHS = "$(inherited) @executable_path/Frameworks";
				PRODUCT_BUNDLE_IDENTIFIER = "breaklist.Pangea-House";
				PRODUCT_NAME = "$(TARGET_NAME)";
				SWIFT_VERSION = 4.0;
				TARGETED_DEVICE_FAMILY = "1,2";
			};
			name = Debug;
		};
		58ACE8631FE0ED90006466C3 /* Release */ = {
			isa = XCBuildConfiguration;
			buildSettings = {
				ASSETCATALOG_COMPILER_APPICON_NAME = AppIcon;
				CODE_SIGN_STYLE = Automatic;
				DEVELOPMENT_TEAM = K32U974K8Q;
				INFOPLIST_FILE = "Pangea-House/Info.plist";
				LD_RUNPATH_SEARCH_PATHS = "$(inherited) @executable_path/Frameworks";
				PRODUCT_BUNDLE_IDENTIFIER = "breaklist.Pangea-House";
				PRODUCT_NAME = "$(TARGET_NAME)";
				SWIFT_VERSION = 4.0;
				TARGETED_DEVICE_FAMILY = "1,2";
			};
			name = Release;
		};
		58ACE8651FE0ED90006466C3 /* Debug */ = {
			isa = XCBuildConfiguration;
			buildSettings = {
				ALWAYS_EMBED_SWIFT_STANDARD_LIBRARIES = YES;
				BUNDLE_LOADER = "$(TEST_HOST)";
				CODE_SIGN_STYLE = Automatic;
				DEVELOPMENT_TEAM = K32U974K8Q;
				INFOPLIST_FILE = "Pangea-HouseTests/Info.plist";
				LD_RUNPATH_SEARCH_PATHS = "$(inherited) @executable_path/Frameworks @loader_path/Frameworks";
				PRODUCT_BUNDLE_IDENTIFIER = "breaklist.Pangea-HouseTests";
				PRODUCT_NAME = "$(TARGET_NAME)";
				SWIFT_VERSION = 4.0;
				TARGETED_DEVICE_FAMILY = "1,2";
				TEST_HOST = "$(BUILT_PRODUCTS_DIR)/Pangea-House.app/Pangea-House";
			};
			name = Debug;
		};
		58ACE8661FE0ED90006466C3 /* Release */ = {
			isa = XCBuildConfiguration;
			buildSettings = {
				ALWAYS_EMBED_SWIFT_STANDARD_LIBRARIES = YES;
				BUNDLE_LOADER = "$(TEST_HOST)";
				CODE_SIGN_STYLE = Automatic;
				DEVELOPMENT_TEAM = K32U974K8Q;
				INFOPLIST_FILE = "Pangea-HouseTests/Info.plist";
				LD_RUNPATH_SEARCH_PATHS = "$(inherited) @executable_path/Frameworks @loader_path/Frameworks";
				PRODUCT_BUNDLE_IDENTIFIER = "breaklist.Pangea-HouseTests";
				PRODUCT_NAME = "$(TARGET_NAME)";
				SWIFT_VERSION = 4.0;
				TARGETED_DEVICE_FAMILY = "1,2";
				TEST_HOST = "$(BUILT_PRODUCTS_DIR)/Pangea-House.app/Pangea-House";
			};
			name = Release;
		};
		58ACE8681FE0ED90006466C3 /* Debug */ = {
			isa = XCBuildConfiguration;
			buildSettings = {
				ALWAYS_EMBED_SWIFT_STANDARD_LIBRARIES = YES;
				CODE_SIGN_STYLE = Automatic;
				DEVELOPMENT_TEAM = K32U974K8Q;
				INFOPLIST_FILE = "Pangea-HouseUITests/Info.plist";
				LD_RUNPATH_SEARCH_PATHS = "$(inherited) @executable_path/Frameworks @loader_path/Frameworks";
				PRODUCT_BUNDLE_IDENTIFIER = "breaklist.Pangea-HouseUITests";
				PRODUCT_NAME = "$(TARGET_NAME)";
				SWIFT_VERSION = 4.0;
				TARGETED_DEVICE_FAMILY = "1,2";
				TEST_TARGET_NAME = "Pangea-House";
			};
			name = Debug;
		};
		58ACE8691FE0ED90006466C3 /* Release */ = {
			isa = XCBuildConfiguration;
			buildSettings = {
				ALWAYS_EMBED_SWIFT_STANDARD_LIBRARIES = YES;
				CODE_SIGN_STYLE = Automatic;
				DEVELOPMENT_TEAM = K32U974K8Q;
				INFOPLIST_FILE = "Pangea-HouseUITests/Info.plist";
				LD_RUNPATH_SEARCH_PATHS = "$(inherited) @executable_path/Frameworks @loader_path/Frameworks";
				PRODUCT_BUNDLE_IDENTIFIER = "breaklist.Pangea-HouseUITests";
				PRODUCT_NAME = "$(TARGET_NAME)";
				SWIFT_VERSION = 4.0;
				TARGETED_DEVICE_FAMILY = "1,2";
				TEST_TARGET_NAME = "Pangea-House";
			};
			name = Release;
		};
/* End XCBuildConfiguration section */

/* Begin XCConfigurationList section */
		58ACE8311FE0ED90006466C3 /* Build configuration list for PBXProject "Pangea-House" */ = {
			isa = XCConfigurationList;
			buildConfigurations = (
				58ACE85F1FE0ED90006466C3 /* Debug */,
				58ACE8601FE0ED90006466C3 /* Release */,
			);
			defaultConfigurationIsVisible = 0;
			defaultConfigurationName = Release;
		};
		58ACE8611FE0ED90006466C3 /* Build configuration list for PBXNativeTarget "Pangea-House" */ = {
			isa = XCConfigurationList;
			buildConfigurations = (
				58ACE8621FE0ED90006466C3 /* Debug */,
				58ACE8631FE0ED90006466C3 /* Release */,
			);
			defaultConfigurationIsVisible = 0;
			defaultConfigurationName = Release;
		};
		58ACE8641FE0ED90006466C3 /* Build configuration list for PBXNativeTarget "Pangea-HouseTests" */ = {
			isa = XCConfigurationList;
			buildConfigurations = (
				58ACE8651FE0ED90006466C3 /* Debug */,
				58ACE8661FE0ED90006466C3 /* Release */,
			);
			defaultConfigurationIsVisible = 0;
			defaultConfigurationName = Release;
		};
		58ACE8671FE0ED90006466C3 /* Build configuration list for PBXNativeTarget "Pangea-HouseUITests" */ = {
			isa = XCConfigurationList;
			buildConfigurations = (
				58ACE8681FE0ED90006466C3 /* Debug */,
				58ACE8691FE0ED90006466C3 /* Release */,
			);
			defaultConfigurationIsVisible = 0;
			defaultConfigurationName = Release;
		};
/* End XCConfigurationList section */

/* Begin XCVersionGroup section */
		58ACE8401FE0ED90006466C3 /* Pangea_House.xcdatamodeld */ = {
			isa = XCVersionGroup;
			children = (
				58ACE8411FE0ED90006466C3 /* Pangea_House.xcdatamodel */,
			);
			currentVersion = 58ACE8411FE0ED90006466C3 /* Pangea_House.xcdatamodel */;
			path = Pangea_House.xcdatamodeld;
			sourceTree = "<group>";
			versionGroupType = wrapper.xcdatamodel;
		};
/* End XCVersionGroup section */
	};
	rootObject = 58ACE82E1FE0ED90006466C3 /* Project object */;
}
